
Microsoft Visual Studio Solution File, Format Version 12.00
# Visual Studio Version 16
VisualStudioVersion = 16.0.30907.101
MinimumVisualStudioVersion = 10.0.40219.1
Project("{FAE04EC0-301F-11D3-BF4B-00C04F79EFBC}") = "Chap04App", "Chap04App\Chap04App.csproj", "{6E28C09F-B74C-4C9D-A23D-EF5045005F6E}"
EndProject
Project("{FAE04EC0-301F-11D3-BF4B-00C04F79EFBC}") = "IncDecTestApp", "IncDecTestApp\IncDecTestApp.csproj", "{44AB4740-2914-4B68-B347-271E4FDE8AF4}"
EndProject
Global
	GlobalSection(SolutionConfigurationPlatforms) = preSolution
		Debug|Any CPU = Debug|Any CPU
		Release|Any CPU = Release|Any CPU
	EndGlobalSection
	GlobalSection(ProjectConfigurationPlatforms) = postSolution
		{6E28C09F-B74C-4C9D-A23D-EF5045005F6E}.Debug|Any CPU.ActiveCfg = Debug|Any CPU
		{6E28C09F-B74C-4C9D-A23D-EF5045005F6E}.Debug|Any CPU.Build.0 = Debug|Any CPU
		{6E28C09F-B74C-4C9D-A23D-EF5045005F6E}.Release|Any CPU.ActiveCfg = Release|Any CPU
		{6E28C09F-B74C-4C9D-A23D-EF5045005F6E}.Release|Any CPU.Build.0 = Release|Any CPU
		{44AB4740-2914-4B68-B347-271E4FDE8AF4}.Debug|Any CPU.ActiveCfg = Debug|Any CPU
		{44AB4740-2914-4B68-B347-271E4FDE8AF4}.Debug|Any CPU.Build.0 = Debug|Any CPU
		{44AB4740-2914-4B68-B347-271E4FDE8AF4}.Release|Any CPU.ActiveCfg = Release|Any CPU
		{44AB4740-2914-4B68-B347-271E4FDE8AF4}.Release|Any CPU.Build.0 = Release|Any CPU
	EndGlobalSection
	GlobalSection(SolutionProperties) = preSolution
		HideSolutionNode = FALSE
	EndGlobalSection
	GlobalSection(ExtensibilityGlobals) = postSolution
		SolutionGuid = {E7CCEC1B-7746-46A0-A962-C66078FF6F6D}
	EndGlobalSection
EndGlobal
